
Microsoft Visual Studio Solution File, Format Version 12.00
Project("{FAE04EC0-301F-11D3-BF4B-00C04F79EFBC}") = "FixStringCase", "FixStringCase\FixStringCase.csproj", "{B92B481A-50E4-4260-9921-F6A918BC1847}"
EndProject
Global
	GlobalSection(SolutionConfigurationPlatforms) = preSolution
		Debug|Any CPU = Debug|Any CPU
		Release|Any CPU = Release|Any CPU
	EndGlobalSection
	GlobalSection(ProjectConfigurationPlatforms) = postSolution
		{B92B481A-50E4-4260-9921-F6A918BC1847}.Debug|Any CPU.ActiveCfg = Debug|Any CPU
		{B92B481A-50E4-4260-9921-F6A918BC1847}.Debug|Any CPU.Build.0 = Debug|Any CPU
		{B92B481A-50E4-4260-9921-F6A918BC1847}.Release|Any CPU.ActiveCfg = Release|Any CPU
		{B92B481A-50E4-4260-9921-F6A918BC1847}.Release|Any CPU.Build.0 = Release|Any CPU
	EndGlobalSection
EndGlobal
