
Microsoft Visual Studio Solution File, Format Version 12.00
# Visual Studio 2012
Project("{FAE04EC0-301F-11D3-BF4B-00C04F79EFBC}") = "SortStar", "SortStar\SortStar.csproj", "{6DB0BD0A-CAE2-4AEE-AAB7-EE8666CB5FCF}"
EndProject
Global
	GlobalSection(SolutionConfigurationPlatforms) = preSolution
		Debug|Any CPU = Debug|Any CPU
		Release|Any CPU = Release|Any CPU
	EndGlobalSection
	GlobalSection(ProjectConfigurationPlatforms) = postSolution
		{6DB0BD0A-CAE2-4AEE-AAB7-EE8666CB5FCF}.Debug|Any CPU.ActiveCfg = Debug|Any CPU
		{6DB0BD0A-CAE2-4AEE-AAB7-EE8666CB5FCF}.Debug|Any CPU.Build.0 = Debug|Any CPU
		{6DB0BD0A-CAE2-4AEE-AAB7-EE8666CB5FCF}.Release|Any CPU.ActiveCfg = Release|Any CPU
		{6DB0BD0A-CAE2-4AEE-AAB7-EE8666CB5FCF}.Release|Any CPU.Build.0 = Release|Any CPU
	EndGlobalSection
EndGlobal
