
Microsoft Visual Studio Solution File, Format Version 12.00
# Visual Studio 2012
Project("{FAE04EC0-301F-11D3-BF4B-00C04F79EFBC}") = "Thirteen", "Thirteen\Thirteen.csproj", "{D97EF2E8-3CF1-4608-A5C7-B6310795F977}"
EndProject
Global
	GlobalSection(SolutionConfigurationPlatforms) = preSolution
		Debug|Any CPU = Debug|Any CPU
		Release|Any CPU = Release|Any CPU
	EndGlobalSection
	GlobalSection(ProjectConfigurationPlatforms) = postSolution
		{D97EF2E8-3CF1-4608-A5C7-B6310795F977}.Debug|Any CPU.ActiveCfg = Debug|Any CPU
		{D97EF2E8-3CF1-4608-A5C7-B6310795F977}.Debug|Any CPU.Build.0 = Debug|Any CPU
		{D97EF2E8-3CF1-4608-A5C7-B6310795F977}.Release|Any CPU.ActiveCfg = Release|Any CPU
		{D97EF2E8-3CF1-4608-A5C7-B6310795F977}.Release|Any CPU.Build.0 = Release|Any CPU
	EndGlobalSection
EndGlobal
