
Microsoft Visual Studio Solution File, Format Version 12.00
Project("{FAE04EC0-301F-11D3-BF4B-00C04F79EFBC}") = "SortByHeight", "SortByHeight\SortByHeight.csproj", "{DAAE7162-B930-44E2-8CB0-C898877179C3}"
EndProject
Global
	GlobalSection(SolutionConfigurationPlatforms) = preSolution
		Debug|Any CPU = Debug|Any CPU
		Release|Any CPU = Release|Any CPU
	EndGlobalSection
	GlobalSection(ProjectConfigurationPlatforms) = postSolution
		{DAAE7162-B930-44E2-8CB0-C898877179C3}.Debug|Any CPU.ActiveCfg = Debug|Any CPU
		{DAAE7162-B930-44E2-8CB0-C898877179C3}.Debug|Any CPU.Build.0 = Debug|Any CPU
		{DAAE7162-B930-44E2-8CB0-C898877179C3}.Release|Any CPU.ActiveCfg = Release|Any CPU
		{DAAE7162-B930-44E2-8CB0-C898877179C3}.Release|Any CPU.Build.0 = Release|Any CPU
	EndGlobalSection
EndGlobal
