
Microsoft Visual Studio Solution File, Format Version 12.00
# Visual Studio 2012
Project("{FAE04EC0-301F-11D3-BF4B-00C04F79EFBC}") = "RuntimeClass", "RuntimeClass\RuntimeClass.csproj", "{E465080F-140C-4DED-9D3A-99CDC743BCF7}"
EndProject
Global
	GlobalSection(SolutionConfigurationPlatforms) = preSolution
		Debug|Any CPU = Debug|Any CPU
		Release|Any CPU = Release|Any CPU
	EndGlobalSection
	GlobalSection(ProjectConfigurationPlatforms) = postSolution
		{E465080F-140C-4DED-9D3A-99CDC743BCF7}.Debug|Any CPU.ActiveCfg = Debug|Any CPU
		{E465080F-140C-4DED-9D3A-99CDC743BCF7}.Debug|Any CPU.Build.0 = Debug|Any CPU
		{E465080F-140C-4DED-9D3A-99CDC743BCF7}.Release|Any CPU.ActiveCfg = Release|Any CPU
		{E465080F-140C-4DED-9D3A-99CDC743BCF7}.Release|Any CPU.Build.0 = Release|Any CPU
	EndGlobalSection
EndGlobal
